<?xml version="1.0" encoding="utf-8"?>
<Project ToolsVersion="4.0" xmlns="http://schemas.microsoft.com/developer/msbuild/2003">
  <ItemGroup>
    <Filter Include="src">
      <UniqueIdentifier>{9b220b48-1e32-45bb-9249-0b8100abb9c2}</UniqueIdentifier>
    </Filter>
    <Filter Include="src\win32">
      <UniqueIdentifier>{16b8f003-015c-4953-8543-a51a7df4aae7}</UniqueIdentifier>
    </Filter>
  </ItemGroup>
  <ItemGroup>
    <ClInclude Include="..\..\src\css_tokenizer.h">
      <Filter>src</Filter>
    </ClInclude>
    <ClInclude Include="..\..\src\cssparser.h">
      <Filter>src</Filter>
    </ClInclude>
    <ClInclude Include="..\..\src\cssparser_i.h">
      <Filter>src</Filter>
    </ClInclude>
    <ClInclude Include="..\..\src\cssparser_lex.h">
      <Filter>src</Filter>
    </ClInclude>
    <ClInclude Include="..\..\src\cssparser_tab.h">
      <Filter>src</Filter>
    </ClInclude>
    <ClInclude Include="..\..\src\foundation.h">
      <Filter>src</Filter>
    </ClInclude>
    <ClInclude Include="..\..\src\selector.h">
      <Filter>src</Filter>
    </ClInclude>
    <ClInclude Include="..\..\src\win32\strings.h">
      <Filter>src\win32</Filter>
    </ClInclude>
    <ClInclude Include="..\..\src\win32\unistd.h">
      <Filter>src\win32</Filter>
    </ClInclude>
    <ClInclude Include="..\..\src\win32\util.h">
      <Filter>src\win32</Filter>
    </ClInclude>
  </ItemGroup>
  <ItemGroup>
    <ClCompile Include="..\..\src\cssparser.c">
      <Filter>src</Filter>
    </ClCompile>
    <ClCompile Include="..\..\src\cssparser_lex.c">
      <Filter>src</Filter>
    </ClCompile>
    <ClCompile Include="..\..\src\cssparser_tab.c">
      <Filter>src</Filter>
    </ClCompile>
    <ClCompile Include="..\..\src\foundation.c">
      <Filter>src</Filter>
    </ClCompile>
    <ClCompile Include="..\..\src\selector.c">
      <Filter>src</Filter>
    </ClCompile>
    <ClCompile Include="..\..\src\tokenizer.c">
      <Filter>src</Filter>
    </ClCompile>
  </ItemGroup>
</Project>